
Microsoft Visual Studio Solution File, Format Version 12.00
# Visual Studio Version 17
VisualStudioVersion = 17.7.34221.43
MinimumVisualStudioVersion = 10.0.40219.1
Project("{9A19103F-16F7-4668-BE54-9A1E7A4F7556}") = "ProductService", "ProductService\ProductService.csproj", "{A8904CAD-B6D7-4641-9D5E-3A7A3F2C13D9}"
EndProject
Project("{FAE04EC0-301F-11D3-BF4B-00C04F79EFBC}") = "DataAccess", "DataAccess\DataAccess.csproj", "{ED868BB5-FABC-4A26-B93E-79EFF440617E}"
EndProject
Project("{FAE04EC0-301F-11D3-BF4B-00C04F79EFBC}") = "Server", "Server\Server.csproj", "{71164109-A6CE-4318-9A99-91BA371B709A}"
EndProject
Global
	GlobalSection(SolutionConfigurationPlatforms) = preSolution
		Debug|Any CPU = Debug|Any CPU
		Release|Any CPU = Release|Any CPU
	EndGlobalSection
	GlobalSection(ProjectConfigurationPlatforms) = postSolution
		{A8904CAD-B6D7-4641-9D5E-3A7A3F2C13D9}.Debug|Any CPU.ActiveCfg = Debug|Any CPU
		{A8904CAD-B6D7-4641-9D5E-3A7A3F2C13D9}.Debug|Any CPU.Build.0 = Debug|Any CPU
		{A8904CAD-B6D7-4641-9D5E-3A7A3F2C13D9}.Release|Any CPU.ActiveCfg = Release|Any CPU
		{A8904CAD-B6D7-4641-9D5E-3A7A3F2C13D9}.Release|Any CPU.Build.0 = Release|Any CPU
		{ED868BB5-FABC-4A26-B93E-79EFF440617E}.Debug|Any CPU.ActiveCfg = Debug|Any CPU
		{ED868BB5-FABC-4A26-B93E-79EFF440617E}.Debug|Any CPU.Build.0 = Debug|Any CPU
		{ED868BB5-FABC-4A26-B93E-79EFF440617E}.Release|Any CPU.ActiveCfg = Release|Any CPU
		{ED868BB5-FABC-4A26-B93E-79EFF440617E}.Release|Any CPU.Build.0 = Release|Any CPU
		{71164109-A6CE-4318-9A99-91BA371B709A}.Debug|Any CPU.ActiveCfg = Debug|Any CPU
		{71164109-A6CE-4318-9A99-91BA371B709A}.Debug|Any CPU.Build.0 = Debug|Any CPU
		{71164109-A6CE-4318-9A99-91BA371B709A}.Release|Any CPU.ActiveCfg = Release|Any CPU
		{71164109-A6CE-4318-9A99-91BA371B709A}.Release|Any CPU.Build.0 = Release|Any CPU
	EndGlobalSection
	GlobalSection(SolutionProperties) = preSolution
		HideSolutionNode = FALSE
	EndGlobalSection
	GlobalSection(ExtensibilityGlobals) = postSolution
		SolutionGuid = {51D506C9-D56B-4F7C-88A9-626B636E5DBF}
	EndGlobalSection
EndGlobal
